<?xml version="1.0" encoding="utf-8"?>
<Project ToolsVersion="4.0" xmlns="http://schemas.microsoft.com/developer/msbuild/2003">
  <ItemGroup>
    <ClCompile Include="src\ofApp.cpp">
      <Filter>src</Filter>
    </ClCompile>
    <ClCompile Include="src\main.cpp">
      <Filter>src</Filter>
    </ClCompile>
    <ClCompile Include="src\Modules\RS485.cpp">
      <Filter>src\Modules</Filter>
    </ClCompile>
    <ClCompile Include="src\pch_App.cpp">
      <Filter>src</Filter>
    </ClCompile>
    <ClCompile Include="src\cobs-c\cobs.cpp">
      <Filter>src\cobs-c</Filter>
    </ClCompile>
    <ClCompile Include="src\Modules\FWUpdate.cpp">
      <Filter>src\Modules</Filter>
    </ClCompile>
    <ClCompile Include="src\Modules\App.cpp">
      <Filter>src\Modules</Filter>
    </ClCompile>
    <ClCompile Include="src\Modules\Portal.cpp">
      <Filter>src\Modules</Filter>
    </ClCompile>
    <ClCompile Include="src\Modules\PerPortal\Pilot.cpp">
      <Filter>src\Modules\PerPortal</Filter>
    </ClCompile>
    <ClCompile Include="src\Modules\PerPortal\MotorDriverSettings.cpp">
      <Filter>src\Modules\PerPortal</Filter>
    </ClCompile>
    <ClCompile Include="src\Modules\PerPortal\MotionControl.cpp">
      <Filter>src\Modules\PerPortal</Filter>
    </ClCompile>
    <ClCompile Include="src\Modules\PerPortal\Axis.cpp">
      <Filter>src\Modules\PerPortal</Filter>
    </ClCompile>
    <ClCompile Include="src\Modules\Base.cpp">
      <Filter>src\Modules</Filter>
    </ClCompile>
    <ClCompile Include="src\Modules\PerPortal\MotorDriver.cpp">
      <Filter>src\Modules\PerPortal</Filter>
    </ClCompile>
    <ClCompile Include="src\Utils.cpp">
      <Filter>src</Filter>
    </ClCompile>
    <ClCompile Include="src\msgpack11\msgpack11.cpp">
      <Filter>src\msgpack11</Filter>
    </ClCompile>
    <ClCompile Include="src\Modules\PerPortal\Logger.cpp">
      <Filter>src\Modules\PerPortal</Filter>
    </ClCompile>
  </ItemGroup>
  <ItemGroup>
    <Filter Include="src">
      <UniqueIdentifier>{d8376475-7454-4a24-b08a-aac121d3ad6f}</UniqueIdentifier>
    </Filter>
    <Filter Include="src\Modules">
      <UniqueIdentifier>{fdd67944-b5bd-4dcc-b156-8753fadae3c6}</UniqueIdentifier>
    </Filter>
    <Filter Include="src\cobs-c">
      <UniqueIdentifier>{09bf3e6b-0abe-40d4-b353-91c932d806bb}</UniqueIdentifier>
    </Filter>
    <Filter Include="src\Modules\PerPortal">
      <UniqueIdentifier>{a25e72f7-c39b-408d-8e44-e5dab68fdc4e}</UniqueIdentifier>
    </Filter>
    <Filter Include="src\msgpack11">
      <UniqueIdentifier>{624f35ea-3d29-4999-96b9-224c86445965}</UniqueIdentifier>
    </Filter>
    <Filter Include="src\crow">
      <UniqueIdentifier>{de0ee556-d80b-4124-8201-bb80b94ede02}</UniqueIdentifier>
    </Filter>
    <Filter Include="src\crow\crow">
      <UniqueIdentifier>{5fbf240b-0f1a-4805-a719-b90841e6754c}</UniqueIdentifier>
    </Filter>
    <Filter Include="src\boost">
      <UniqueIdentifier>{ae67b768-231c-4a90-a04a-136668e39f76}</UniqueIdentifier>
    </Filter>
    <Filter Include="src\boost\algorithm">
      <UniqueIdentifier>{829c4131-ef9d-40b8-aeed-5473e9990e67}</UniqueIdentifier>
    </Filter>
    <Filter Include="src\boost\algorithm\string">
      <UniqueIdentifier>{0d3363b4-5b33-43d6-b8c5-03740ef37426}</UniqueIdentifier>
    </Filter>
    <Filter Include="src\boost\algorithm\string\detail">
      <UniqueIdentifier>{f152f41e-52f8-4282-a21a-84144a2361fb}</UniqueIdentifier>
    </Filter>
  </ItemGroup>
  <ItemGroup>
    <ClInclude Include="src\ofApp.h">
      <Filter>src</Filter>
    </ClInclude>
    <ClInclude Include="src\Modules\RS485.h">
      <Filter>src\Modules</Filter>
    </ClInclude>
    <ClInclude Include="src\pch_App.h">
      <Filter>src</Filter>
    </ClInclude>
    <ClInclude Include="src\cobs-c\cobs.h">
      <Filter>src\cobs-c</Filter>
    </ClInclude>
    <ClInclude Include="src\Modules\FWUpdate.h">
      <Filter>src\Modules</Filter>
    </ClInclude>
    <ClInclude Include="src\Modules\Base.h">
      <Filter>src\Modules</Filter>
    </ClInclude>
    <ClInclude Include="src\Modules\App.h">
      <Filter>src\Modules</Filter>
    </ClInclude>
    <ClInclude Include="src\Modules\Portal.h">
      <Filter>src\Modules</Filter>
    </ClInclude>
    <ClInclude Include="src\Modules\PerPortal\MotionControl.h">
      <Filter>src\Modules\PerPortal</Filter>
    </ClInclude>
    <ClInclude Include="src\Modules\PerPortal\Pilot.h">
      <Filter>src\Modules\PerPortal</Filter>
    </ClInclude>
    <ClInclude Include="src\Modules\PerPortal\Constants.h">
      <Filter>src\Modules\PerPortal</Filter>
    </ClInclude>
    <ClInclude Include="src\Modules\PerPortal\MotorDriver.h">
      <Filter>src\Modules\PerPortal</Filter>
    </ClInclude>
    <ClInclude Include="src\Modules\PerPortal\Axis.h">
      <Filter>src\Modules\PerPortal</Filter>
    </ClInclude>
    <ClInclude Include="src\Modules\PerPortal\MotorDriverSettings.h">
      <Filter>src\Modules\PerPortal</Filter>
    </ClInclude>
    <ClInclude Include="src\Utils.h">
      <Filter>src</Filter>
    </ClInclude>
    <ClInclude Include="src\msgpack11\msgpack11.hpp">
      <Filter>src\msgpack11</Filter>
    </ClInclude>
    <ClInclude Include="src\Modules\PerPortal\Logger.h">
      <Filter>src\Modules\PerPortal</Filter>
    </ClInclude>
    <ClInclude Include="src\crow\crow.h">
      <Filter>src\crow</Filter>
    </ClInclude>
    <ClInclude Include="src\crow\crow\app.h">
      <Filter>src\crow\crow</Filter>
    </ClInclude>
    <ClInclude Include="src\crow\crow\ci_map.h">
      <Filter>src\crow\crow</Filter>
    </ClInclude>
    <ClInclude Include="src\crow\crow\common.h">
      <Filter>src\crow\crow</Filter>
    </ClInclude>
    <ClInclude Include="src\crow\crow\compression.h">
      <Filter>src\crow\crow</Filter>
    </ClInclude>
    <ClInclude Include="src\crow\crow\http_connection.h">
      <Filter>src\crow\crow</Filter>
    </ClInclude>
    <ClInclude Include="src\crow\crow\http_parser_merged.h">
      <Filter>src\crow\crow</Filter>
    </ClInclude>
    <ClInclude Include="src\crow\crow\http_request.h">
      <Filter>src\crow\crow</Filter>
    </ClInclude>
    <ClInclude Include="src\crow\crow\http_response.h">
      <Filter>src\crow\crow</Filter>
    </ClInclude>
    <ClInclude Include="src\crow\crow\http_server.h">
      <Filter>src\crow\crow</Filter>
    </ClInclude>
    <ClInclude Include="src\crow\crow\json.h">
      <Filter>src\crow\crow</Filter>
    </ClInclude>
    <ClInclude Include="src\crow\crow\logging.h">
      <Filter>src\crow\crow</Filter>
    </ClInclude>
    <ClInclude Include="src\crow\crow\middleware.h">
      <Filter>src\crow\crow</Filter>
    </ClInclude>
    <ClInclude Include="src\crow\crow\middleware_context.h">
      <Filter>src\crow\crow</Filter>
    </ClInclude>
    <ClInclude Include="src\crow\crow\mime_types.h">
      <Filter>src\crow\crow</Filter>
    </ClInclude>
    <ClInclude Include="src\crow\crow\multipart.h">
      <Filter>src\crow\crow</Filter>
    </ClInclude>
    <ClInclude Include="src\crow\crow\mustache.h">
      <Filter>src\crow\crow</Filter>
    </ClInclude>
    <ClInclude Include="src\crow\crow\parser.h">
      <Filter>src\crow\crow</Filter>
    </ClInclude>
    <ClInclude Include="src\crow\crow\query_string.h">
      <Filter>src\crow\crow</Filter>
    </ClInclude>
    <ClInclude Include="src\crow\crow\returnable.h">
      <Filter>src\crow\crow</Filter>
    </ClInclude>
    <ClInclude Include="src\crow\crow\routing.h">
      <Filter>src\crow\crow</Filter>
    </ClInclude>
    <ClInclude Include="src\crow\crow\settings.h">
      <Filter>src\crow\crow</Filter>
    </ClInclude>
    <ClInclude Include="src\crow\crow\socket_adaptors.h">
      <Filter>src\crow\crow</Filter>
    </ClInclude>
    <ClInclude Include="src\crow\crow\task_timer.h">
      <Filter>src\crow\crow</Filter>
    </ClInclude>
    <ClInclude Include="src\crow\crow\TinySHA1.hpp">
      <Filter>src\crow\crow</Filter>
    </ClInclude>
    <ClInclude Include="src\crow\crow\utility.h">
      <Filter>src\crow\crow</Filter>
    </ClInclude>
    <ClInclude Include="src\crow\crow\version.h">
      <Filter>src\crow\crow</Filter>
    </ClInclude>
    <ClInclude Include="src\crow\crow\websocket.h">
      <Filter>src\crow\crow</Filter>
    </ClInclude>
    <ClInclude Include="src\boost\algorithm\string\predicate.hpp">
      <Filter>src\boost\algorithm\string</Filter>
    </ClInclude>
    <ClInclude Include="src\boost\algorithm\string\find.hpp">
      <Filter>src\boost\algorithm\string</Filter>
    </ClInclude>
    <ClInclude Include="src\boost\algorithm\string\detail\predicate.hpp">
      <Filter>src\boost\algorithm\string\detail</Filter>
    </ClInclude>
  </ItemGroup>
  <ItemGroup>
    <ResourceCompile Include="icon.rc" />
  </ItemGroup>
</Project>