<?xml version="1.0" encoding="utf-8"?>
<Project ToolsVersion="4.0" xmlns="http://schemas.microsoft.com/developer/msbuild/2003">
  <ItemGroup>
    <ClCompile Include="src\ofApp.cpp">
      <Filter>src</Filter>
    </ClCompile>
    <ClCompile Include="src\main.cpp">
      <Filter>src</Filter>
    </ClCompile>
    <ClCompile Include="src\Modules\RS485.cpp">
      <Filter>src\Modules</Filter>
    </ClCompile>
    <ClCompile Include="src\pch_App.cpp">
      <Filter>src</Filter>
    </ClCompile>
    <ClCompile Include="src\cobs-c\cobs.cpp">
      <Filter>src\cobs-c</Filter>
    </ClCompile>
    <ClCompile Include="src\Modules\FWUpdate.cpp">
      <Filter>src\Modules</Filter>
    </ClCompile>
    <ClCompile Include="src\Modules\App.cpp">
      <Filter>src\Modules</Filter>
    </ClCompile>
  </ItemGroup>
  <ItemGroup>
    <Filter Include="src">
      <UniqueIdentifier>{d8376475-7454-4a24-b08a-aac121d3ad6f}</UniqueIdentifier>
    </Filter>
    <Filter Include="src\Modules">
      <UniqueIdentifier>{fdd67944-b5bd-4dcc-b156-8753fadae3c6}</UniqueIdentifier>
    </Filter>
    <Filter Include="src\cobs-c">
      <UniqueIdentifier>{09bf3e6b-0abe-40d4-b353-91c932d806bb}</UniqueIdentifier>
    </Filter>
  </ItemGroup>
  <ItemGroup>
    <ClInclude Include="src\ofApp.h">
      <Filter>src</Filter>
    </ClInclude>
    <ClInclude Include="src\Modules\RS485.h">
      <Filter>src\Modules</Filter>
    </ClInclude>
    <ClInclude Include="src\pch_App.h">
      <Filter>src</Filter>
    </ClInclude>
    <ClInclude Include="src\cobs-c\cobs.h">
      <Filter>src\cobs-c</Filter>
    </ClInclude>
    <ClInclude Include="src\Modules\FWUpdate.h">
      <Filter>src\Modules</Filter>
    </ClInclude>
    <ClInclude Include="src\Modules\Base.h">
      <Filter>src\Modules</Filter>
    </ClInclude>
    <ClInclude Include="src\Modules\App.h">
      <Filter>src\Modules</Filter>
    </ClInclude>
  </ItemGroup>
  <ItemGroup>
    <ResourceCompile Include="icon.rc" />
  </ItemGroup>
</Project>