<?xml version="1.0" encoding="utf-8"?>
<Project ToolsVersion="4.0" xmlns="http://schemas.microsoft.com/developer/msbuild/2003">
  <ItemGroup>
    <ClCompile Include="src\ofApp.cpp">
      <Filter>src</Filter>
    </ClCompile>
    <ClCompile Include="src\main.cpp">
      <Filter>src</Filter>
    </ClCompile>
    <ClCompile Include="src\pch_App.cpp">
      <Filter>src</Filter>
    </ClCompile>
    <ClCompile Include="src\cobs-c\cobs.cpp">
      <Filter>src\cobs-c</Filter>
    </ClCompile>
    <ClCompile Include="src\Modules\App.cpp">
      <Filter>src\Modules</Filter>
    </ClCompile>
    <ClCompile Include="src\Modules\Base.cpp">
      <Filter>src\Modules</Filter>
    </ClCompile>
    <ClCompile Include="src\Utils.cpp">
      <Filter>src</Filter>
    </ClCompile>
    <ClCompile Include="src\msgpack11\msgpack11.cpp">
      <Filter>src\msgpack11</Filter>
    </ClCompile>
    <ClCompile Include="src\SerialDevices\Serial.cpp">
      <Filter>src\SerialDevices</Filter>
    </ClCompile>
    <ClCompile Include="src\SerialDevices\listDevices.cpp">
      <Filter>src\SerialDevices</Filter>
    </ClCompile>
    <ClCompile Include="..\..\..\addons\ofxNetwork\src\ofxTCPManager.cpp">
      <Filter>addons\ofxNetwork\src</Filter>
    </ClCompile>
    <ClCompile Include="..\..\..\addons\ofxNetwork\src\ofxTCPServer.cpp">
      <Filter>addons\ofxNetwork\src</Filter>
    </ClCompile>
    <ClCompile Include="..\..\..\addons\ofxNetwork\src\ofxUDPManager.cpp">
      <Filter>addons\ofxNetwork\src</Filter>
    </ClCompile>
    <ClCompile Include="..\..\..\addons\ofxNetwork\src\ofxNetworkUtils.cpp">
      <Filter>addons\ofxNetwork\src</Filter>
    </ClCompile>
    <ClCompile Include="..\..\..\addons\ofxNetwork\src\ofxTCPClient.cpp">
      <Filter>addons\ofxNetwork\src</Filter>
    </ClCompile>
    <ClCompile Include="src\SerialDevices\TCP.cpp">
      <Filter>src\SerialDevices</Filter>
    </ClCompile>
    <ClCompile Include="src\SerialDevices\Factory.cpp">
      <Filter>src\SerialDevices</Filter>
    </ClCompile>
    <ClCompile Include="..\..\..\addons\ofxOsc\src\ofxOscMessage.cpp">
      <Filter>addons\ofxOsc\src</Filter>
    </ClCompile>
    <ClCompile Include="..\..\..\addons\ofxOsc\src\ofxOscParameterSync.cpp">
      <Filter>addons\ofxOsc\src</Filter>
    </ClCompile>
    <ClCompile Include="..\..\..\addons\ofxOsc\src\ofxOscReceiver.cpp">
      <Filter>addons\ofxOsc\src</Filter>
    </ClCompile>
    <ClCompile Include="..\..\..\addons\ofxOsc\src\ofxOscSender.cpp">
      <Filter>addons\ofxOsc\src</Filter>
    </ClCompile>
    <ClCompile Include="..\..\..\addons\ofxOsc\src\ofxOscBundle.cpp">
      <Filter>addons\ofxOsc\src</Filter>
    </ClCompile>
    <ClCompile Include="..\..\..\addons\ofxOsc\libs\oscpack\src\ip\IpEndpointName.cpp">
      <Filter>addons\ofxOsc\libs\oscpack\src\ip</Filter>
    </ClCompile>
    <ClCompile Include="..\..\..\addons\ofxOsc\libs\oscpack\src\osc\OscOutboundPacketStream.cpp">
      <Filter>addons\ofxOsc\libs\oscpack\src\osc</Filter>
    </ClCompile>
    <ClCompile Include="..\..\..\addons\ofxOsc\libs\oscpack\src\osc\OscPrintReceivedElements.cpp">
      <Filter>addons\ofxOsc\libs\oscpack\src\osc</Filter>
    </ClCompile>
    <ClCompile Include="..\..\..\addons\ofxOsc\libs\oscpack\src\osc\OscReceivedElements.cpp">
      <Filter>addons\ofxOsc\libs\oscpack\src\osc</Filter>
    </ClCompile>
    <ClCompile Include="..\..\..\addons\ofxOsc\libs\oscpack\src\osc\OscTypes.cpp">
      <Filter>addons\ofxOsc\libs\oscpack\src\osc</Filter>
    </ClCompile>
    <ClCompile Include="..\..\..\addons\ofxOsc\libs\oscpack\src\ip\win32\UdpSocket.cpp">
      <Filter>addons\ofxOsc\libs\oscpack\src\ip\win32</Filter>
    </ClCompile>
    <ClCompile Include="..\..\..\addons\ofxOsc\libs\oscpack\src\ip\win32\NetworkingUtils.cpp">
      <Filter>addons\ofxOsc\libs\oscpack\src\ip\win32</Filter>
    </ClCompile>
    <ClCompile Include="src\Modules\Hardware\Column.cpp">
      <Filter>src\Modules\Hardware</Filter>
    </ClCompile>
    <ClCompile Include="src\Modules\Hardware\FWUpdate.cpp">
      <Filter>src\Modules\Hardware</Filter>
    </ClCompile>
    <ClCompile Include="src\Modules\Hardware\Portal.cpp">
      <Filter>src\Modules\Hardware</Filter>
    </ClCompile>
    <ClCompile Include="src\Modules\Hardware\RS485.cpp">
      <Filter>src\Modules\Hardware</Filter>
    </ClCompile>
    <ClCompile Include="src\Modules\Hardware\Installation.cpp">
      <Filter>src\Modules\Hardware</Filter>
    </ClCompile>
    <ClCompile Include="src\Modules\OSC\Receiver.cpp">
      <Filter>src\Modules\OSC</Filter>
    </ClCompile>
    <ClCompile Include="src\OSC\Routes.cpp">
      <Filter>src\OSC</Filter>
    </ClCompile>
    <ClCompile Include="src\Modules\REST\Server.cpp">
      <Filter>src\Modules\REST</Filter>
    </ClCompile>
    <ClCompile Include="src\Modules\Image\Renderer.cpp">
      <Filter>src\Modules\Image</Filter>
    </ClCompile>
    <ClCompile Include="src\Modules\Hardware\PerPortal\Axis.cpp">
      <Filter>src\Modules\Hardware\PerPortal</Filter>
    </ClCompile>
    <ClCompile Include="src\Modules\Hardware\PerPortal\Logger.cpp">
      <Filter>src\Modules\Hardware\PerPortal</Filter>
    </ClCompile>
    <ClCompile Include="src\Modules\Hardware\PerPortal\MotionControl.cpp">
      <Filter>src\Modules\Hardware\PerPortal</Filter>
    </ClCompile>
    <ClCompile Include="src\Modules\Hardware\PerPortal\MotorDriver.cpp">
      <Filter>src\Modules\Hardware\PerPortal</Filter>
    </ClCompile>
    <ClCompile Include="src\Modules\Hardware\PerPortal\MotorDriverSettings.cpp">
      <Filter>src\Modules\Hardware\PerPortal</Filter>
    </ClCompile>
    <ClCompile Include="src\Modules\Hardware\PerPortal\Pilot.cpp">
      <Filter>src\Modules\Hardware\PerPortal</Filter>
    </ClCompile>
    <ClCompile Include="src\Modules\Image\Sources\Gradient.cpp">
      <Filter>src\Modules\Image\Sources</Filter>
    </ClCompile>
    <ClCompile Include="src\Modules\Image\Sources\Base.cpp">
      <Filter>src\Modules\Image\Sources</Filter>
    </ClCompile>
    <ClCompile Include="src\Modules\Image\Sources\FilePlayer.cpp">
      <Filter>src\Modules\Image\Sources</Filter>
    </ClCompile>
    <ClCompile Include="src\Modules\Image\Sources\Text.cpp">
      <Filter>src\Modules\Image\Sources</Filter>
    </ClCompile>
    <ClCompile Include="src\Modules\Image\Sources\Factory.cpp">
      <Filter>src\Modules\Image\Sources</Filter>
    </ClCompile>
    <ClCompile Include="src\Modules\Image\Sources\Spout.cpp">
      <Filter>src\Modules\Image\Sources</Filter>
    </ClCompile>
    <ClCompile Include="src\Modules\Hardware\MassFWUdpdate.cpp">
      <Filter>src\Modules\Hardware</Filter>
    </ClCompile>
  </ItemGroup>
  <ItemGroup>
    <Filter Include="src">
      <UniqueIdentifier>{d8376475-7454-4a24-b08a-aac121d3ad6f}</UniqueIdentifier>
    </Filter>
    <Filter Include="src\Modules">
      <UniqueIdentifier>{fdd67944-b5bd-4dcc-b156-8753fadae3c6}</UniqueIdentifier>
    </Filter>
    <Filter Include="src\cobs-c">
      <UniqueIdentifier>{09bf3e6b-0abe-40d4-b353-91c932d806bb}</UniqueIdentifier>
    </Filter>
    <Filter Include="src\msgpack11">
      <UniqueIdentifier>{624f35ea-3d29-4999-96b9-224c86445965}</UniqueIdentifier>
    </Filter>
    <Filter Include="src\crow">
      <UniqueIdentifier>{de0ee556-d80b-4124-8201-bb80b94ede02}</UniqueIdentifier>
    </Filter>
    <Filter Include="src\crow\crow">
      <UniqueIdentifier>{5fbf240b-0f1a-4805-a719-b90841e6754c}</UniqueIdentifier>
    </Filter>
    <Filter Include="src\boost">
      <UniqueIdentifier>{ae67b768-231c-4a90-a04a-136668e39f76}</UniqueIdentifier>
    </Filter>
    <Filter Include="src\boost\algorithm">
      <UniqueIdentifier>{829c4131-ef9d-40b8-aeed-5473e9990e67}</UniqueIdentifier>
    </Filter>
    <Filter Include="src\boost\algorithm\string">
      <UniqueIdentifier>{0d3363b4-5b33-43d6-b8c5-03740ef37426}</UniqueIdentifier>
    </Filter>
    <Filter Include="src\boost\algorithm\string\detail">
      <UniqueIdentifier>{f152f41e-52f8-4282-a21a-84144a2361fb}</UniqueIdentifier>
    </Filter>
    <Filter Include="src\SerialDevices">
      <UniqueIdentifier>{25512120-a784-43e2-bc7a-9df8659eedef}</UniqueIdentifier>
    </Filter>
    <Filter Include="addons">
      <UniqueIdentifier>{dca0abb0-6ab7-441e-b92f-c98c5bb514ee}</UniqueIdentifier>
    </Filter>
    <Filter Include="addons\ofxNetwork">
      <UniqueIdentifier>{6c656a2e-3ee0-447d-97aa-7158390f2931}</UniqueIdentifier>
    </Filter>
    <Filter Include="addons\ofxNetwork\src">
      <UniqueIdentifier>{23d4777f-6d37-43b0-81a7-3018ba253a3e}</UniqueIdentifier>
    </Filter>
    <Filter Include="addons\ofxOsc">
      <UniqueIdentifier>{c151e136-2a38-47ba-b56b-603bd5dcecf0}</UniqueIdentifier>
    </Filter>
    <Filter Include="addons\ofxOsc\src">
      <UniqueIdentifier>{8a1ca99e-0af3-47d2-8482-4b6990039acb}</UniqueIdentifier>
    </Filter>
    <Filter Include="addons\ofxOsc\libs">
      <UniqueIdentifier>{dfac71f1-683f-4613-85ba-9352ac200614}</UniqueIdentifier>
    </Filter>
    <Filter Include="addons\ofxOsc\libs\oscpack">
      <UniqueIdentifier>{8b508ac5-103d-4ee2-acea-d4283cc116c7}</UniqueIdentifier>
    </Filter>
    <Filter Include="addons\ofxOsc\libs\oscpack\src">
      <UniqueIdentifier>{33e40876-26aa-4a84-ae68-4282d78107bf}</UniqueIdentifier>
    </Filter>
    <Filter Include="addons\ofxOsc\libs\oscpack\src\ip">
      <UniqueIdentifier>{546a30fe-e174-4533-84b2-be11608395e1}</UniqueIdentifier>
    </Filter>
    <Filter Include="addons\ofxOsc\libs\oscpack\src\ip\win32">
      <UniqueIdentifier>{00596fd4-3e78-41f3-844c-95ea5e0c1150}</UniqueIdentifier>
    </Filter>
    <Filter Include="addons\ofxOsc\libs\oscpack\src\osc">
      <UniqueIdentifier>{e32181f2-de17-4a3c-b2a7-66e33e845bd8}</UniqueIdentifier>
    </Filter>
    <Filter Include="src\Modules\OSC">
      <UniqueIdentifier>{ec9aa7a7-b176-4f2e-a636-1d555198794a}</UniqueIdentifier>
    </Filter>
    <Filter Include="src\Modules\Hardware">
      <UniqueIdentifier>{77a00205-9a8b-4371-bca8-de86ad88bcd0}</UniqueIdentifier>
    </Filter>
    <Filter Include="src\OSC">
      <UniqueIdentifier>{a24ad1ba-ada1-4abf-bef1-7bc578ff594a}</UniqueIdentifier>
    </Filter>
    <Filter Include="src\Modules\REST">
      <UniqueIdentifier>{866a699b-9a48-44f1-9d0d-0b34268698b0}</UniqueIdentifier>
    </Filter>
    <Filter Include="src\Modules\Hardware\PerPortal">
      <UniqueIdentifier>{feff1fe5-3daa-4902-9cdb-8bd95433cfb1}</UniqueIdentifier>
    </Filter>
    <Filter Include="src\Modules\Image">
      <UniqueIdentifier>{75458376-b762-44f1-ba94-d88634031db7}</UniqueIdentifier>
    </Filter>
    <Filter Include="src\Modules\Image\Sources">
      <UniqueIdentifier>{810ca6e2-e2fa-4535-ac0d-6858294e3bec}</UniqueIdentifier>
    </Filter>
  </ItemGroup>
  <ItemGroup>
    <ClInclude Include="src\ofApp.h">
      <Filter>src</Filter>
    </ClInclude>
    <ClInclude Include="src\pch_App.h">
      <Filter>src</Filter>
    </ClInclude>
    <ClInclude Include="src\cobs-c\cobs.h">
      <Filter>src\cobs-c</Filter>
    </ClInclude>
    <ClInclude Include="src\Modules\Base.h">
      <Filter>src\Modules</Filter>
    </ClInclude>
    <ClInclude Include="src\Modules\App.h">
      <Filter>src\Modules</Filter>
    </ClInclude>
    <ClInclude Include="src\Utils.h">
      <Filter>src</Filter>
    </ClInclude>
    <ClInclude Include="src\msgpack11\msgpack11.hpp">
      <Filter>src\msgpack11</Filter>
    </ClInclude>
    <ClInclude Include="src\crow\crow.h">
      <Filter>src\crow</Filter>
    </ClInclude>
    <ClInclude Include="src\crow\crow\app.h">
      <Filter>src\crow\crow</Filter>
    </ClInclude>
    <ClInclude Include="src\crow\crow\ci_map.h">
      <Filter>src\crow\crow</Filter>
    </ClInclude>
    <ClInclude Include="src\crow\crow\common.h">
      <Filter>src\crow\crow</Filter>
    </ClInclude>
    <ClInclude Include="src\crow\crow\compression.h">
      <Filter>src\crow\crow</Filter>
    </ClInclude>
    <ClInclude Include="src\crow\crow\http_connection.h">
      <Filter>src\crow\crow</Filter>
    </ClInclude>
    <ClInclude Include="src\crow\crow\http_parser_merged.h">
      <Filter>src\crow\crow</Filter>
    </ClInclude>
    <ClInclude Include="src\crow\crow\http_request.h">
      <Filter>src\crow\crow</Filter>
    </ClInclude>
    <ClInclude Include="src\crow\crow\http_response.h">
      <Filter>src\crow\crow</Filter>
    </ClInclude>
    <ClInclude Include="src\crow\crow\http_server.h">
      <Filter>src\crow\crow</Filter>
    </ClInclude>
    <ClInclude Include="src\crow\crow\json.h">
      <Filter>src\crow\crow</Filter>
    </ClInclude>
    <ClInclude Include="src\crow\crow\logging.h">
      <Filter>src\crow\crow</Filter>
    </ClInclude>
    <ClInclude Include="src\crow\crow\middleware.h">
      <Filter>src\crow\crow</Filter>
    </ClInclude>
    <ClInclude Include="src\crow\crow\middleware_context.h">
      <Filter>src\crow\crow</Filter>
    </ClInclude>
    <ClInclude Include="src\crow\crow\mime_types.h">
      <Filter>src\crow\crow</Filter>
    </ClInclude>
    <ClInclude Include="src\crow\crow\multipart.h">
      <Filter>src\crow\crow</Filter>
    </ClInclude>
    <ClInclude Include="src\crow\crow\mustache.h">
      <Filter>src\crow\crow</Filter>
    </ClInclude>
    <ClInclude Include="src\crow\crow\parser.h">
      <Filter>src\crow\crow</Filter>
    </ClInclude>
    <ClInclude Include="src\crow\crow\query_string.h">
      <Filter>src\crow\crow</Filter>
    </ClInclude>
    <ClInclude Include="src\crow\crow\returnable.h">
      <Filter>src\crow\crow</Filter>
    </ClInclude>
    <ClInclude Include="src\crow\crow\routing.h">
      <Filter>src\crow\crow</Filter>
    </ClInclude>
    <ClInclude Include="src\crow\crow\settings.h">
      <Filter>src\crow\crow</Filter>
    </ClInclude>
    <ClInclude Include="src\crow\crow\socket_adaptors.h">
      <Filter>src\crow\crow</Filter>
    </ClInclude>
    <ClInclude Include="src\crow\crow\task_timer.h">
      <Filter>src\crow\crow</Filter>
    </ClInclude>
    <ClInclude Include="src\crow\crow\TinySHA1.hpp">
      <Filter>src\crow\crow</Filter>
    </ClInclude>
    <ClInclude Include="src\crow\crow\utility.h">
      <Filter>src\crow\crow</Filter>
    </ClInclude>
    <ClInclude Include="src\crow\crow\version.h">
      <Filter>src\crow\crow</Filter>
    </ClInclude>
    <ClInclude Include="src\crow\crow\websocket.h">
      <Filter>src\crow\crow</Filter>
    </ClInclude>
    <ClInclude Include="src\boost\algorithm\string\predicate.hpp">
      <Filter>src\boost\algorithm\string</Filter>
    </ClInclude>
    <ClInclude Include="src\boost\algorithm\string\find.hpp">
      <Filter>src\boost\algorithm\string</Filter>
    </ClInclude>
    <ClInclude Include="src\boost\algorithm\string\detail\predicate.hpp">
      <Filter>src\boost\algorithm\string\detail</Filter>
    </ClInclude>
    <ClInclude Include="src\SerialDevices\IDevice.h">
      <Filter>src\SerialDevices</Filter>
    </ClInclude>
    <ClInclude Include="src\SerialDevices\listDevices.h">
      <Filter>src\SerialDevices</Filter>
    </ClInclude>
    <ClInclude Include="src\SerialDevices\ListedDevice.h">
      <Filter>src\SerialDevices</Filter>
    </ClInclude>
    <ClInclude Include="src\SerialDevices\Serial.h">
      <Filter>src\SerialDevices</Filter>
    </ClInclude>
    <ClInclude Include="src\SerialDevices\TCP.h">
      <Filter>src\SerialDevices</Filter>
    </ClInclude>
    <ClInclude Include="..\..\..\addons\ofxNetwork\src\ofxTCPClient.h">
      <Filter>addons\ofxNetwork\src</Filter>
    </ClInclude>
    <ClInclude Include="..\..\..\addons\ofxNetwork\src\ofxTCPManager.h">
      <Filter>addons\ofxNetwork\src</Filter>
    </ClInclude>
    <ClInclude Include="..\..\..\addons\ofxNetwork\src\ofxTCPServer.h">
      <Filter>addons\ofxNetwork\src</Filter>
    </ClInclude>
    <ClInclude Include="..\..\..\addons\ofxNetwork\src\ofxTCPSettings.h">
      <Filter>addons\ofxNetwork\src</Filter>
    </ClInclude>
    <ClInclude Include="..\..\..\addons\ofxNetwork\src\ofxUDPManager.h">
      <Filter>addons\ofxNetwork\src</Filter>
    </ClInclude>
    <ClInclude Include="..\..\..\addons\ofxNetwork\src\ofxUDPSettings.h">
      <Filter>addons\ofxNetwork\src</Filter>
    </ClInclude>
    <ClInclude Include="..\..\..\addons\ofxNetwork\src\ofxNetwork.h">
      <Filter>addons\ofxNetwork\src</Filter>
    </ClInclude>
    <ClInclude Include="..\..\..\addons\ofxNetwork\src\ofxNetworkUtils.h">
      <Filter>addons\ofxNetwork\src</Filter>
    </ClInclude>
    <ClInclude Include="src\SerialDevices\Factory.h">
      <Filter>src\SerialDevices</Filter>
    </ClInclude>
    <ClInclude Include="..\..\..\addons\ofxOsc\src\ofxOscBundle.h">
      <Filter>addons\ofxOsc\src</Filter>
    </ClInclude>
    <ClInclude Include="..\..\..\addons\ofxOsc\src\ofxOscMessage.h">
      <Filter>addons\ofxOsc\src</Filter>
    </ClInclude>
    <ClInclude Include="..\..\..\addons\ofxOsc\src\ofxOscParameterSync.h">
      <Filter>addons\ofxOsc\src</Filter>
    </ClInclude>
    <ClInclude Include="..\..\..\addons\ofxOsc\src\ofxOscReceiver.h">
      <Filter>addons\ofxOsc\src</Filter>
    </ClInclude>
    <ClInclude Include="..\..\..\addons\ofxOsc\src\ofxOscSender.h">
      <Filter>addons\ofxOsc\src</Filter>
    </ClInclude>
    <ClInclude Include="..\..\..\addons\ofxOsc\src\ofxOsc.h">
      <Filter>addons\ofxOsc\src</Filter>
    </ClInclude>
    <ClInclude Include="..\..\..\addons\ofxOsc\src\ofxOscArg.h">
      <Filter>addons\ofxOsc\src</Filter>
    </ClInclude>
    <ClInclude Include="..\..\..\addons\ofxOsc\libs\oscpack\src\ip\IpEndpointName.h">
      <Filter>addons\ofxOsc\libs\oscpack\src\ip</Filter>
    </ClInclude>
    <ClInclude Include="..\..\..\addons\ofxOsc\libs\oscpack\src\ip\NetworkingUtils.h">
      <Filter>addons\ofxOsc\libs\oscpack\src\ip</Filter>
    </ClInclude>
    <ClInclude Include="..\..\..\addons\ofxOsc\libs\oscpack\src\ip\PacketListener.h">
      <Filter>addons\ofxOsc\libs\oscpack\src\ip</Filter>
    </ClInclude>
    <ClInclude Include="..\..\..\addons\ofxOsc\libs\oscpack\src\ip\TimerListener.h">
      <Filter>addons\ofxOsc\libs\oscpack\src\ip</Filter>
    </ClInclude>
    <ClInclude Include="..\..\..\addons\ofxOsc\libs\oscpack\src\ip\UdpSocket.h">
      <Filter>addons\ofxOsc\libs\oscpack\src\ip</Filter>
    </ClInclude>
    <ClInclude Include="..\..\..\addons\ofxOsc\libs\oscpack\src\osc\OscOutboundPacketStream.h">
      <Filter>addons\ofxOsc\libs\oscpack\src\osc</Filter>
    </ClInclude>
    <ClInclude Include="..\..\..\addons\ofxOsc\libs\oscpack\src\osc\OscPacketListener.h">
      <Filter>addons\ofxOsc\libs\oscpack\src\osc</Filter>
    </ClInclude>
    <ClInclude Include="..\..\..\addons\ofxOsc\libs\oscpack\src\osc\OscPrintReceivedElements.h">
      <Filter>addons\ofxOsc\libs\oscpack\src\osc</Filter>
    </ClInclude>
    <ClInclude Include="..\..\..\addons\ofxOsc\libs\oscpack\src\osc\OscReceivedElements.h">
      <Filter>addons\ofxOsc\libs\oscpack\src\osc</Filter>
    </ClInclude>
    <ClInclude Include="..\..\..\addons\ofxOsc\libs\oscpack\src\osc\OscTypes.h">
      <Filter>addons\ofxOsc\libs\oscpack\src\osc</Filter>
    </ClInclude>
    <ClInclude Include="..\..\..\addons\ofxOsc\libs\oscpack\src\osc\MessageMappingOscPacketListener.h">
      <Filter>addons\ofxOsc\libs\oscpack\src\osc</Filter>
    </ClInclude>
    <ClInclude Include="..\..\..\addons\ofxOsc\libs\oscpack\src\osc\OscException.h">
      <Filter>addons\ofxOsc\libs\oscpack\src\osc</Filter>
    </ClInclude>
    <ClInclude Include="..\..\..\addons\ofxOsc\libs\oscpack\src\osc\OscHostEndianness.h">
      <Filter>addons\ofxOsc\libs\oscpack\src\osc</Filter>
    </ClInclude>
    <ClInclude Include="src\Modules\Hardware\Column.h">
      <Filter>src\Modules\Hardware</Filter>
    </ClInclude>
    <ClInclude Include="src\Modules\Hardware\FWUpdate.h">
      <Filter>src\Modules\Hardware</Filter>
    </ClInclude>
    <ClInclude Include="src\Modules\Hardware\Portal.h">
      <Filter>src\Modules\Hardware</Filter>
    </ClInclude>
    <ClInclude Include="src\Modules\Hardware\RS485.h">
      <Filter>src\Modules\Hardware</Filter>
    </ClInclude>
    <ClInclude Include="src\Modules\Hardware\Installation.h">
      <Filter>src\Modules\Hardware</Filter>
    </ClInclude>
    <ClInclude Include="src\Modules\OSC\Receiver.h">
      <Filter>src\Modules\OSC</Filter>
    </ClInclude>
    <ClInclude Include="src\OSC\Routes.h">
      <Filter>src\OSC</Filter>
    </ClInclude>
    <ClInclude Include="src\Modules\REST\Server.h">
      <Filter>src\Modules\REST</Filter>
    </ClInclude>
    <ClInclude Include="src\Modules\Image\Renderer.h">
      <Filter>src\Modules\Image</Filter>
    </ClInclude>
    <ClInclude Include="src\Modules\Hardware\PerPortal\Axis.h">
      <Filter>src\Modules\Hardware\PerPortal</Filter>
    </ClInclude>
    <ClInclude Include="src\Modules\Hardware\PerPortal\Constants.h">
      <Filter>src\Modules\Hardware\PerPortal</Filter>
    </ClInclude>
    <ClInclude Include="src\Modules\Hardware\PerPortal\Logger.h">
      <Filter>src\Modules\Hardware\PerPortal</Filter>
    </ClInclude>
    <ClInclude Include="src\Modules\Hardware\PerPortal\MotionControl.h">
      <Filter>src\Modules\Hardware\PerPortal</Filter>
    </ClInclude>
    <ClInclude Include="src\Modules\Hardware\PerPortal\MotorDriver.h">
      <Filter>src\Modules\Hardware\PerPortal</Filter>
    </ClInclude>
    <ClInclude Include="src\Modules\Hardware\PerPortal\MotorDriverSettings.h">
      <Filter>src\Modules\Hardware\PerPortal</Filter>
    </ClInclude>
    <ClInclude Include="src\Modules\Hardware\PerPortal\Pilot.h">
      <Filter>src\Modules\Hardware\PerPortal</Filter>
    </ClInclude>
    <ClInclude Include="src\Modules\TopLevelModule.h">
      <Filter>src\Modules</Filter>
    </ClInclude>
    <ClInclude Include="src\Modules\Image\Sources\Base.h">
      <Filter>src\Modules\Image\Sources</Filter>
    </ClInclude>
    <ClInclude Include="src\Modules\Image\Sources\Gradient.h">
      <Filter>src\Modules\Image\Sources</Filter>
    </ClInclude>
    <ClInclude Include="src\Modules\Image\Sources\FilePlayer.h">
      <Filter>src\Modules\Image\Sources</Filter>
    </ClInclude>
    <ClInclude Include="src\Modules\Image\Sources\Text.h">
      <Filter>src\Modules\Image\Sources</Filter>
    </ClInclude>
    <ClInclude Include="src\Modules\Image\Sources\Factory.h">
      <Filter>src\Modules\Image\Sources</Filter>
    </ClInclude>
    <ClInclude Include="src\Modules\Image\Sources\Spout.h">
      <Filter>src\Modules\Image\Sources</Filter>
    </ClInclude>
    <ClInclude Include="src\Modules\Hardware\MassFWUpdate.h">
      <Filter>src\Modules\Hardware</Filter>
    </ClInclude>
  </ItemGroup>
  <ItemGroup>
    <ResourceCompile Include="icon.rc" />
  </ItemGroup>
  <ItemGroup>
    <None Include="cpp.hint" />
  </ItemGroup>
</Project>